github.com/creack/pty v1.1.9/go.mod h1:oKZEueFk5CKHvIhNR5MUki03XCEU+Q6VDXinZuGJ33E=
github.com/frankban/quicktest v1.14.4 h1:g2rn0vABPOOXmZUj+vbmUp0lPoXEMuhTpIluN0XL9UY=
github.com/frankban/quicktest v1.14.4/go.mod h1:4ptaffx2x8+WTWXmUCuVU6aPUX1/Mz7zb5vbUoiM6w0=
github.com/golang/protobuf v1.5.0/go.mod h1:FsONVRAS9T7sI+LIUmWTfcYkHO4aIWwzhcaSAoJOfIk=
github.com/golang/protobuf v1.5.2 h1:ROPKBNFfQgOUMifHyP+KYbvpjbdoFNs+aK7DXlji0Tw=
github.com/golang/protobuf v1.5.2/go.mod h1:XVQd3VNwM+JqD3oG2Ue2ip4fOMUkwXdXDdiuN0vRsmY=
github.com/google/go-cmp v0.5.5/go.mod h1:v8dTdLbMG2kIc/vJvl+f65V22dbkXbowE6jgT/gNBxE=
github.com/google/go-cmp v0.5.9 h1:O2Tfq5qg4qc4AmwVlvv0oLiVAGB7enBSJ2x2DqQFi38=
github.com/google/go-cmp v0.5.9/go.mod h1:17dUlkBOakJ0+DkrSSNjCkIjxS6bF9zb3elmeNGIjoY=
github.com/kr/pretty v0.3.1 h1:flRD4NNwYAUpkphVc1HcthR4KEIFJ65n8Mw5qdRn3LE=
github.com/kr/pretty v0.3.1/go.mod h1:hoEshYVHaxMs3cyo3Yncou5ZscifuDolrwPKZanG3xk=
github.com/kr/text v0.2.0 h1:5Nx0Ya0ZqY2ygV366QzturHI13Jq95ApcVaJBhpS+AY=
github.com/kr/text v0.2.0/go.mod h1:eLer722TekiGuMkidMxC/pM04lWEeraHUUmBw8l2grE=
github.com/pierrec/lz4 v2.6.1+incompatible h1:9UY3+iC23yxF0UfGaYrGplQ+79Rg+h/q9FV9ix19jjM=
github.com/pierrec/lz4 v2.6.1+incompatible/go.mod h1:pdkljMzZIN41W+lC3N2tnIh5sFi+IEE17M5jbnwPHcY=
github.com/pkg/diff v0.0.0-20210226163009-20ebb0f2a09e/go.mod h1:pJLUxLENpZxwdsKMEsNbx1VGcRFpLqf3715MtcvvzbA=
github.com/rogpeppe/go-internal v1.9.0 h1:73kH8U+JUqXU8lRuOHeVHaa/SZPifC7BkcraZVejAe8=
github.com/rogpeppe/go-internal v1.9.0/go.mod h1:WtVeX8xhTBvf0smdhujwtBcq4Qrzq/fJaraNFVN+nFs=
github.com/tencentcloud/tencentcloud-sdk-go/tencentcloud/ame v1.0.557 h1:b9eCbdhePhAzmlflnfCUCb4QFee6UIIimm8fQTqFejs=
github.com/tencentcloud/tencentcloud-sdk-go/tencentcloud/ame v1.0.557/go.mod h1:EW+Lf8e6KAoBjGPhH8dzQfKI9wcmMpJT78p09qTjwL0=
github.com/tencentcloud/tencentcloud-sdk-go/tencentcloud/common v1.0.557 h1:McQsujPYUK1+u/6mChn5Oe7al2fBleadIK+56ouj80s=
github.com/tencentcloud/tencentcloud-sdk-go/tencentcloud/common v1.0.557/go.mod h1:7sCQWVkxcsR38nffDW057DRGk8mUjK1Ing/EFOK8s8Y=
github.com/tencentcloud/tencentcloud-sdk-go/tencentcloud/cvm v1.0.557 h1:YAcxVXiIJ64LMlM1bJMHmn289mMhRvtLlnZac/wuBwQ=
github.com/tencentcloud/tencentcloud-sdk-go/tencentcloud/cvm v1.0.557/go.mod h1:/KRGLs7gHvPlgzhQOFuUvQs+/02S2i1KBfgtnYKuSSo=
github.com/tencentcloud/tencentcloud-sdk-go/tencentcloud/ecc v1.0.557 h1:F/Ldtz6hnWtxuW4n2KTq03s3CqZugNGa6kw6TyUQ2CU=
github.com/tencentcloud/tencentcloud-sdk-go/tencentcloud/ecc v1.0.557/go.mod h1:A9rX5sF7ezS+wRRSORDHJu2v7XZHAplvkHMxSKvArhk=
github.com/tencentcloud/tencentcloud-sdk-go/tencentcloud/ess v1.0.557 h1:B47UBZe/5vwS1S+IYEXIzGHaiL4NPAhLFVIuq+HLQ/s=
github.com/tencentcloud/tencentcloud-sdk-go/tencentcloud/ess v1.0.557/go.mod h1:VBwwTNs+p6DZfo1xUvF4ll+/G3awQlNmCyc/Vq/kJ2A=
github.com/tencentcloud/tencentcloud-sdk-go/tencentcloud/essbasic v1.0.557 h1:mAmSjimmQ4tSl5OU5N1zy7zj2j+rhYoaoptPIv28ewg=
github.com/tencentcloud/tencentcloud-sdk-go/tencentcloud/essbasic v1.0.557/go.mod h1:wExpinvOD9o4iQjC8znPlKRodlYLYLU+e4dq/RHkTrQ=
github.com/tencentcloud/tencentcloud-sdk-go/tencentcloud/hcm v1.0.557 h1:c7yjbzqwYSfRznws2IcU8HPIDngTyisjloghbGnPiGk=
github.com/tencentcloud/tencentcloud-sdk-go/tencentcloud/hcm v1.0.557/go.mod h1:d6j96MAK3nVSOz4Hb0JwwhGxSY7A6gad91cAcNi366w=
github.com/tencentcloud/tencentcloud-sdk-go/tencentcloud/monitor v1.0.557 h1:VDTFMR0ijz5fZc+/STgJz4mjUd7IyVfguuMIuT4XH1M=
github.com/tencentcloud/tencentcloud-sdk-go/tencentcloud/monitor v1.0.557/go.mod h1:QQxwy2bk7NJqUnC/zlo3gWXc76nDcT1ZQ4FOfH04dPI=
github.com/tencentcloud/tencentcloud-sdk-go/tencentcloud/soe v1.0.557 h1:wMht9L/acIzA89/CvPbv9xZ02cg64duXH5WZOX1CfrQ=
github.com/tencentcloud/tencentcloud-sdk-go/tencentcloud/soe v1.0.557/go.mod h1:Eb/TcZNj6breX+Ey8dVHVulcWo9qHRfpCQgvScWWIHk=
github.com/tencentcloud/tencentcloud-sdk-go/tencentcloud/ssm v1.0.557 h1:bqvgyVzRAaG6gvCpmn2GlGOLrOt/l+wuwKFs14g56RA=
github.com/tencentcloud/tencentcloud-sdk-go/tencentcloud/ssm v1.0.557/go.mod h1:mxpL4HLd/ZOH7V3C4sdiKUYAa1rAVWB53izqTRfikIE=
github.com/tencentcloud/tencentcloud-sdk-go/tencentcloud/tci v1.0.557 h1:MnJ5n9jK+umlyrhTH9iXZShuHbzUTRpxyrn0l1MdhUs=
github.com/tencentcloud/tencentcloud-sdk-go/tencentcloud/tci v1.0.557/go.mod h1:Ym2ExOzkOTLiOLG/BkBNDrxGOKIzF6ohAj3Xfed5wXw=
github.com/tencentcloud/tencentcloud-sdk-go/tencentcloud/tic v1.0.557 h1:3qHOERcGG0TMNzOxwlXoV3VlkaFeyuXUn4fPuUBxiTA=
github.com/tencentcloud/tencentcloud-sdk-go/tencentcloud/tic v1.0.557/go.mod h1:rpAzhx5kzoeONQr/nABHQp3PtgltS44WCpnt1bsC99U=
github.com/tencentcloud/tencentcloud-sdk-go/tencentcloud/vpc v1.0.557 h1:RZrEBLcK03rhkPXvvdkQQ3RRTn1+XQlhXTWpUpdbNRA=
github.com/tencentcloud/tencentcloud-sdk-go/tencentcloud/vpc v1.0.557/go.mod h1:dtHGSldIxhQEJf0CKVz4UQEj6R3FgUQGB8N5Lmh5AR0=
golang.org/x/xerrors v0.0.0-20191204190536-9bdfabe68543/go.mod h1:I/5z698sn9Ka8TeJc9MKroUUfqBBauWjQqLJ2OPfmY0=
google.golang.org/protobuf v1.26.0-rc.1/go.mod h1:jlhhOSvTdKEhbULTjvd4ARK9grFBp09yW+WbY/TyQbw=
google.golang.org/protobuf v1.26.0/go.mod h1:9q0QmTI4eRPtz6boOQmLYwt+qCgq0jsYwAQnmE0givc=
google.golang.org/protobuf v1.28.1 h1:d0NfwRgPtno5B1Wa6L2DAG+KivqkdutMf1UhdNx175w=
google.golang.org/protobuf v1.28.1/go.mod h1:HV8QOd/L58Z+nl8r43ehVNZIU/HEI6OcFqwMG9pJV4I=
